
Microsoft Visual Studio Solution File, Format Version 12.00
# Visual Studio Version 16
VisualStudioVersion = 16.0.32602.291
MinimumVisualStudioVersion = 10.0.40219.1
Project("{FAE04EC0-301F-11D3-BF4B-00C04F79EFBC}") = "ShoeApp", "ShoeApp\ShoeApp.csproj", "{34FDD31A-A24A-46F8-9992-11E91D558241}"
EndProject
Global
	GlobalSection(SolutionConfigurationPlatforms) = preSolution
		Debug|Any CPU = Debug|Any CPU
		Release|Any CPU = Release|Any CPU
	EndGlobalSection
	GlobalSection(ProjectConfigurationPlatforms) = postSolution
		{34FDD31A-A24A-46F8-9992-11E91D558241}.Debug|Any CPU.ActiveCfg = Debug|Any CPU
		{34FDD31A-A24A-46F8-9992-11E91D558241}.Debug|Any CPU.Build.0 = Debug|Any CPU
		{34FDD31A-A24A-46F8-9992-11E91D558241}.Release|Any CPU.ActiveCfg = Release|Any CPU
		{34FDD31A-A24A-46F8-9992-11E91D558241}.Release|Any CPU.Build.0 = Release|Any CPU
	EndGlobalSection
	GlobalSection(SolutionProperties) = preSolution
		HideSolutionNode = FALSE
	EndGlobalSection
	GlobalSection(ExtensibilityGlobals) = postSolution
		SolutionGuid = {963BD050-7889-4A4C-94F2-7C074C9A38B6}
	EndGlobalSection
EndGlobal
